
Microsoft Visual Studio Solution File, Format Version 12.00
# Visual Studio Version 17
VisualStudioVersion = 17.9.34701.34
MinimumVisualStudioVersion = 10.0.40219.1
Project("{9A19103F-16F7-4668-BE54-9A1E7A4F7556}") = "ToDoListApp.API", "ToDoListApp\ToDoListApp.API.csproj", "{3DBDDE49-8353-41B9-8AFD-607EE7404B62}"
EndProject
Project("{9A19103F-16F7-4668-BE54-9A1E7A4F7556}") = "ToDoListApp.Models", "ToDoListApp.Models\ToDoListApp.Models.csproj", "{8A6135CF-099E-4A81-AC6B-4F98E6AF4302}"
EndProject
Project("{9A19103F-16F7-4668-BE54-9A1E7A4F7556}") = "ToDoListApp.Repository", "ToDoListApp.Repository\ToDoListApp.Repository.csproj", "{AE4A9F1E-4BAE-4F37-B8E6-A292ECF9A9C1}"
EndProject
Project("{9A19103F-16F7-4668-BE54-9A1E7A4F7556}") = "ToDoListApp.Services", "ToDoListApp.Services\ToDoListApp.Services.csproj", "{4D0D9426-49AD-4E6A-9041-888B96EA2130}"
EndProject
Global
	GlobalSection(SolutionConfigurationPlatforms) = preSolution
		Debug|Any CPU = Debug|Any CPU
		Release|Any CPU = Release|Any CPU
	EndGlobalSection
	GlobalSection(ProjectConfigurationPlatforms) = postSolution
		{3DBDDE49-8353-41B9-8AFD-607EE7404B62}.Debug|Any CPU.ActiveCfg = Debug|Any CPU
		{3DBDDE49-8353-41B9-8AFD-607EE7404B62}.Debug|Any CPU.Build.0 = Debug|Any CPU
		{3DBDDE49-8353-41B9-8AFD-607EE7404B62}.Release|Any CPU.ActiveCfg = Release|Any CPU
		{3DBDDE49-8353-41B9-8AFD-607EE7404B62}.Release|Any CPU.Build.0 = Release|Any CPU
		{8A6135CF-099E-4A81-AC6B-4F98E6AF4302}.Debug|Any CPU.ActiveCfg = Debug|Any CPU
		{8A6135CF-099E-4A81-AC6B-4F98E6AF4302}.Debug|Any CPU.Build.0 = Debug|Any CPU
		{8A6135CF-099E-4A81-AC6B-4F98E6AF4302}.Release|Any CPU.ActiveCfg = Release|Any CPU
		{8A6135CF-099E-4A81-AC6B-4F98E6AF4302}.Release|Any CPU.Build.0 = Release|Any CPU
		{AE4A9F1E-4BAE-4F37-B8E6-A292ECF9A9C1}.Debug|Any CPU.ActiveCfg = Debug|Any CPU
		{AE4A9F1E-4BAE-4F37-B8E6-A292ECF9A9C1}.Debug|Any CPU.Build.0 = Debug|Any CPU
		{AE4A9F1E-4BAE-4F37-B8E6-A292ECF9A9C1}.Release|Any CPU.ActiveCfg = Release|Any CPU
		{AE4A9F1E-4BAE-4F37-B8E6-A292ECF9A9C1}.Release|Any CPU.Build.0 = Release|Any CPU
		{4D0D9426-49AD-4E6A-9041-888B96EA2130}.Debug|Any CPU.ActiveCfg = Debug|Any CPU
		{4D0D9426-49AD-4E6A-9041-888B96EA2130}.Debug|Any CPU.Build.0 = Debug|Any CPU
		{4D0D9426-49AD-4E6A-9041-888B96EA2130}.Release|Any CPU.ActiveCfg = Release|Any CPU
		{4D0D9426-49AD-4E6A-9041-888B96EA2130}.Release|Any CPU.Build.0 = Release|Any CPU
	EndGlobalSection
	GlobalSection(SolutionProperties) = preSolution
		HideSolutionNode = FALSE
	EndGlobalSection
	GlobalSection(ExtensibilityGlobals) = postSolution
		SolutionGuid = {6FFDA566-B3E5-4742-8C51-C7AC8E409EC7}
	EndGlobalSection
EndGlobal
